
Microsoft Visual Studio Solution File, Format Version 12.00
# Visual Studio Version 17
VisualStudioVersion = 17.12.35527.113
MinimumVisualStudioVersion = 10.0.40219.1
Project("{FAE04EC0-301F-11D3-BF4B-00C04F79EFBC}") = "WebApplication1", "WebApplication1\WebApplication1.csproj", "{DDDEC394-2BF8-4B8A-92D3-699DC25AB7CC}"
EndProject
Project("{2150E333-8FDC-42A3-9474-1A3956D46DE8}") = "src", "src", "{AD04A4B6-8035-4739-96E5-6F389F7BC774}"
EndProject
Project("{2150E333-8FDC-42A3-9474-1A3956D46DE8}") = "Shared", "Shared", "{3D18C5EE-F38E-4E85-BCFB-E6EBC35F8B03}"
EndProject
Project("{2150E333-8FDC-42A3-9474-1A3956D46DE8}") = "BackEnd", "BackEnd", "{71599CC0-8C21-404C-B167-BB566B1D6199}"
EndProject
Project("{2150E333-8FDC-42A3-9474-1A3956D46DE8}") = "tests", "tests", "{7A328C45-25F8-44BD-A0A6-93A35F748602}"
EndProject
Project("{FAE04EC0-301F-11D3-BF4B-00C04F79EFBC}") = "Tropical.API", "src\Backend\WebApplication2\Tropical.API.csproj", "{0F3E7811-3456-4A51-9125-7DE493D40931}"
EndProject
Project("{FAE04EC0-301F-11D3-BF4B-00C04F79EFBC}") = "Tropical.Application", "src\Backend\Tropical.Application\Tropical.Application.csproj", "{D15A1A62-3C12-46E3-856F-9BF16F947AEE}"
EndProject
Project("{FAE04EC0-301F-11D3-BF4B-00C04F79EFBC}") = "Tropical.Infrastructure", "src\Backend\Tropical.Infrastructure\Tropical.Infrastructure.csproj", "{949C5CDC-A3D4-48F5-9755-F966BEEE93BE}"
EndProject
Project("{FAE04EC0-301F-11D3-BF4B-00C04F79EFBC}") = "Tropical.Comunication", "src\Shared\Tropical.Comunication\Tropical.Comunication.csproj", "{B8A042AD-6B41-4953-9B04-CB0507AA262F}"
EndProject
Project("{FAE04EC0-301F-11D3-BF4B-00C04F79EFBC}") = "Tropical.Exceptions", "src\Shared\Tropical.Exceptions\Tropical.Exceptions.csproj", "{B7BA2CAA-213C-4A6F-ACFE-AB782A6885BE}"
EndProject
Project("{FAE04EC0-301F-11D3-BF4B-00C04F79EFBC}") = "Tropical.Domain", "src\Backend\Tropical.Domain\Tropical.Domain.csproj", "{BE5A4468-DA52-46E0-8C5D-FA9953A8E7C4}"
EndProject
Project("{FAE04EC0-301F-11D3-BF4B-00C04F79EFBC}") = "Validators.Test", "tests\TestProject1\Validators.Test.csproj", "{78431CAE-7E11-4251-A37F-EB27B2B1B31B}"
EndProject
Project("{FAE04EC0-301F-11D3-BF4B-00C04F79EFBC}") = "CommonTestUtilities", "tests\CommonTestUtilities\CommonTestUtilities.csproj", "{25DB3C1E-59DE-4102-A92A-29F89B38B02B}"
EndProject
Project("{FAE04EC0-301F-11D3-BF4B-00C04F79EFBC}") = "UseCases.Test", "UseCases.Test\UseCases.Test.csproj", "{34A75431-8A9D-4A34-BA80-7EE5690F7B43}"
EndProject
Project("{FAE04EC0-301F-11D3-BF4B-00C04F79EFBC}") = "WebApi.Test", "tests\WebApi.Test\WebApi.Test.csproj", "{1D36A4CB-368F-4253-901F-E8E2B12C8A46}"
EndProject
Global
	GlobalSection(SolutionConfigurationPlatforms) = preSolution
		Debug|Any CPU = Debug|Any CPU
		Release|Any CPU = Release|Any CPU
	EndGlobalSection
	GlobalSection(ProjectConfigurationPlatforms) = postSolution
		{DDDEC394-2BF8-4B8A-92D3-699DC25AB7CC}.Debug|Any CPU.ActiveCfg = Debug|Any CPU
		{DDDEC394-2BF8-4B8A-92D3-699DC25AB7CC}.Debug|Any CPU.Build.0 = Debug|Any CPU
		{DDDEC394-2BF8-4B8A-92D3-699DC25AB7CC}.Release|Any CPU.ActiveCfg = Release|Any CPU
		{DDDEC394-2BF8-4B8A-92D3-699DC25AB7CC}.Release|Any CPU.Build.0 = Release|Any CPU
		{0F3E7811-3456-4A51-9125-7DE493D40931}.Debug|Any CPU.ActiveCfg = Debug|Any CPU
		{0F3E7811-3456-4A51-9125-7DE493D40931}.Debug|Any CPU.Build.0 = Debug|Any CPU
		{0F3E7811-3456-4A51-9125-7DE493D40931}.Release|Any CPU.ActiveCfg = Release|Any CPU
		{0F3E7811-3456-4A51-9125-7DE493D40931}.Release|Any CPU.Build.0 = Release|Any CPU
		{D15A1A62-3C12-46E3-856F-9BF16F947AEE}.Debug|Any CPU.ActiveCfg = Debug|Any CPU
		{D15A1A62-3C12-46E3-856F-9BF16F947AEE}.Debug|Any CPU.Build.0 = Debug|Any CPU
		{D15A1A62-3C12-46E3-856F-9BF16F947AEE}.Release|Any CPU.ActiveCfg = Release|Any CPU
		{D15A1A62-3C12-46E3-856F-9BF16F947AEE}.Release|Any CPU.Build.0 = Release|Any CPU
		{949C5CDC-A3D4-48F5-9755-F966BEEE93BE}.Debug|Any CPU.ActiveCfg = Debug|Any CPU
		{949C5CDC-A3D4-48F5-9755-F966BEEE93BE}.Debug|Any CPU.Build.0 = Debug|Any CPU
		{949C5CDC-A3D4-48F5-9755-F966BEEE93BE}.Release|Any CPU.ActiveCfg = Release|Any CPU
		{949C5CDC-A3D4-48F5-9755-F966BEEE93BE}.Release|Any CPU.Build.0 = Release|Any CPU
		{B8A042AD-6B41-4953-9B04-CB0507AA262F}.Debug|Any CPU.ActiveCfg = Debug|Any CPU
		{B8A042AD-6B41-4953-9B04-CB0507AA262F}.Debug|Any CPU.Build.0 = Debug|Any CPU
		{B8A042AD-6B41-4953-9B04-CB0507AA262F}.Release|Any CPU.ActiveCfg = Release|Any CPU
		{B8A042AD-6B41-4953-9B04-CB0507AA262F}.Release|Any CPU.Build.0 = Release|Any CPU
		{B7BA2CAA-213C-4A6F-ACFE-AB782A6885BE}.Debug|Any CPU.ActiveCfg = Debug|Any CPU
		{B7BA2CAA-213C-4A6F-ACFE-AB782A6885BE}.Debug|Any CPU.Build.0 = Debug|Any CPU
		{B7BA2CAA-213C-4A6F-ACFE-AB782A6885BE}.Release|Any CPU.ActiveCfg = Release|Any CPU
		{B7BA2CAA-213C-4A6F-ACFE-AB782A6885BE}.Release|Any CPU.Build.0 = Release|Any CPU
		{BE5A4468-DA52-46E0-8C5D-FA9953A8E7C4}.Debug|Any CPU.ActiveCfg = Debug|Any CPU
		{BE5A4468-DA52-46E0-8C5D-FA9953A8E7C4}.Debug|Any CPU.Build.0 = Debug|Any CPU
		{BE5A4468-DA52-46E0-8C5D-FA9953A8E7C4}.Release|Any CPU.ActiveCfg = Release|Any CPU
		{BE5A4468-DA52-46E0-8C5D-FA9953A8E7C4}.Release|Any CPU.Build.0 = Release|Any CPU
		{78431CAE-7E11-4251-A37F-EB27B2B1B31B}.Debug|Any CPU.ActiveCfg = Debug|Any CPU
		{78431CAE-7E11-4251-A37F-EB27B2B1B31B}.Debug|Any CPU.Build.0 = Debug|Any CPU
		{78431CAE-7E11-4251-A37F-EB27B2B1B31B}.Release|Any CPU.ActiveCfg = Release|Any CPU
		{78431CAE-7E11-4251-A37F-EB27B2B1B31B}.Release|Any CPU.Build.0 = Release|Any CPU
		{25DB3C1E-59DE-4102-A92A-29F89B38B02B}.Debug|Any CPU.ActiveCfg = Debug|Any CPU
		{25DB3C1E-59DE-4102-A92A-29F89B38B02B}.Debug|Any CPU.Build.0 = Debug|Any CPU
		{25DB3C1E-59DE-4102-A92A-29F89B38B02B}.Release|Any CPU.ActiveCfg = Release|Any CPU
		{25DB3C1E-59DE-4102-A92A-29F89B38B02B}.Release|Any CPU.Build.0 = Release|Any CPU
		{34A75431-8A9D-4A34-BA80-7EE5690F7B43}.Debug|Any CPU.ActiveCfg = Debug|Any CPU
		{34A75431-8A9D-4A34-BA80-7EE5690F7B43}.Debug|Any CPU.Build.0 = Debug|Any CPU
		{34A75431-8A9D-4A34-BA80-7EE5690F7B43}.Release|Any CPU.ActiveCfg = Release|Any CPU
		{34A75431-8A9D-4A34-BA80-7EE5690F7B43}.Release|Any CPU.Build.0 = Release|Any CPU
		{1D36A4CB-368F-4253-901F-E8E2B12C8A46}.Debug|Any CPU.ActiveCfg = Debug|Any CPU
		{1D36A4CB-368F-4253-901F-E8E2B12C8A46}.Debug|Any CPU.Build.0 = Debug|Any CPU
		{1D36A4CB-368F-4253-901F-E8E2B12C8A46}.Release|Any CPU.ActiveCfg = Release|Any CPU
		{1D36A4CB-368F-4253-901F-E8E2B12C8A46}.Release|Any CPU.Build.0 = Release|Any CPU
	EndGlobalSection
	GlobalSection(SolutionProperties) = preSolution
		HideSolutionNode = FALSE
	EndGlobalSection
	GlobalSection(NestedProjects) = preSolution
		{3D18C5EE-F38E-4E85-BCFB-E6EBC35F8B03} = {AD04A4B6-8035-4739-96E5-6F389F7BC774}
		{71599CC0-8C21-404C-B167-BB566B1D6199} = {AD04A4B6-8035-4739-96E5-6F389F7BC774}
		{0F3E7811-3456-4A51-9125-7DE493D40931} = {71599CC0-8C21-404C-B167-BB566B1D6199}
		{D15A1A62-3C12-46E3-856F-9BF16F947AEE} = {71599CC0-8C21-404C-B167-BB566B1D6199}
		{949C5CDC-A3D4-48F5-9755-F966BEEE93BE} = {71599CC0-8C21-404C-B167-BB566B1D6199}
		{B8A042AD-6B41-4953-9B04-CB0507AA262F} = {3D18C5EE-F38E-4E85-BCFB-E6EBC35F8B03}
		{B7BA2CAA-213C-4A6F-ACFE-AB782A6885BE} = {3D18C5EE-F38E-4E85-BCFB-E6EBC35F8B03}
		{BE5A4468-DA52-46E0-8C5D-FA9953A8E7C4} = {71599CC0-8C21-404C-B167-BB566B1D6199}
		{78431CAE-7E11-4251-A37F-EB27B2B1B31B} = {7A328C45-25F8-44BD-A0A6-93A35F748602}
		{25DB3C1E-59DE-4102-A92A-29F89B38B02B} = {7A328C45-25F8-44BD-A0A6-93A35F748602}
		{34A75431-8A9D-4A34-BA80-7EE5690F7B43} = {7A328C45-25F8-44BD-A0A6-93A35F748602}
		{1D36A4CB-368F-4253-901F-E8E2B12C8A46} = {7A328C45-25F8-44BD-A0A6-93A35F748602}
	EndGlobalSection
EndGlobal
